{
  "requires": true,
  "lockfileVersion": 1,
  "dependencies": {
    "genData": {
      "version": "3.1.0",
      "resolved": "https://registry.npmjs.org/genData/-/genData-3.1.0.tgz",
      "integrity": "sha1-2RwWPvV+xx1FKIe0xJ6jXTry8Fg="
    },
    "panzer": {
      "version": "0.3.13",
      "resolved": "https://registry.npmjs.org/panzer/-/panzer-0.3.13.tgz",
      "integrity": "sha1-uoK5baSdmC+8ADptfXMMrRGpKT0=",
      "requires": {
        "genData": "3.1.0"
      }
    },
    "salt": {
      "version": "0.5.5",
      "resolved": "https://registry.npmjs.org/salt/-/salt-0.5.5.tgz",
      "integrity": "sha1-B81mmo7cmRH+Xo64ueR4TA0OIJc=",
      "requires": {
        "panzer": "0.3.13"
      }
    }
  }
}
